PODS:
  - AdFitSDK (3.12.7)
  - AdPopcornSSP (2.6.5)
  - Ads-Global (5.8.0.7):
    - Ads-Global/BUAdSDK (= 5.8.0.7)
  - Ads-Global/BUAdSDK (5.8.0.7):
    - Ads-Global/BURelyAdSDK
    - Ads-Global/Dep_Accurate
  - Ads-Global/BURelyAdSDK (5.8.0.7)
  - Ads-Global/Dep_Accurate (5.8.0.7):
    - BURelyFoundation_Global/Pangle (= 0.2.1.4)
  - AppLovinSDK (12.2.1)
  - BidmadAdFitAdapter (3.12.7.5):
    - AdFitSDK (= 3.12.7)
    - BidmadSDK (< 6.8.0, >= 6.7.0)
  - BidmadADOPCoupangAdapter (1.0.0.5):
    - BidmadSDK (< 6.8.0, >= 6.7.0)
  - BidmadAdPopcornAdapter (2.6.5.5):
    - AdPopcornSSP (= 2.6.5)
    - BidmadSDK (< 6.8.0, >= 6.7.0)
    - NAMSDK (= 7.5.3)
    - NAMSDK/MediationNDA (= 7.5.3)
  - BidmadAllianceInternetAdapter (1.0.0.5):
    - BidmadSDK (< 6.8.0, >= 6.7.0)
  - BidmadAppLovinAdapter (12.2.1.5):
    - AppLovinSDK (= 12.2.1)
    - BidmadSDK (< 6.8.0, >= 6.7.0)
  - BidmadAtomAdapter (1.0.0.5):
    - BidmadSDK (< 6.8.0, >= 6.7.0)
  - BidmadFyberAdapter (8.2.6.5):
    - BidmadSDK (< 6.8.0, >= 6.7.0)
    - Fyber_Marketplace_SDK (= 8.2.6)
  - BidmadGoogleAdManagerAdapter (11.2.0.5):
    - BidmadSDK (< 6.8.0, >= 6.7.0)
    - Google-Mobile-Ads-SDK (= 11.2.0)
  - BidmadGoogleAdMobAdapter (11.2.0.5):
    - BidmadSDK (< 6.8.0, >= 6.7.0)
    - Google-Mobile-Ads-SDK (= 11.2.0)
  - BidmadIronSourceAdapter (7.8.0.0.5):
    - BidmadSDK (< 6.8.0, >= 6.7.0)
    - IronSourceSDK (= 7.8.0.0)
  - BidmadMobonAdapter (0.6.17.5):
    - BidmadSDK (< 6.8.0, >= 6.7.0)
  - BidmadPangleAdapter (5.8.0.7.5):
    - Ads-Global (= 5.8.0.7)
    - BidmadSDK (< 6.8.0, >= 6.7.0)
  - BidmadPartners/AdMobBidding (1.0.4):
    - GoogleMobileAdsMediationAppLovin (= 12.2.1.0)
    - GoogleMobileAdsMediationFacebook (= 6.15.0.0)
    - GoogleMobileAdsMediationFyber (= 8.2.6.1)
    - GoogleMobileAdsMediationIronSource (= 7.8.0.0.0)
    - GoogleMobileAdsMediationPangle (= 5.8.0.7.0)
    - GoogleMobileAdsMediationUnity (= 4.9.3.0)
    - GoogleMobileAdsMediationVungle (= 7.2.2.1)
  - BidmadPubmaticAdapter (3.2.0.5):
    - BidmadSDK (< 6.8.0, >= 6.7.0)
    - OpenWrapHandlerDFP (= 4.0.0)
    - OpenWrapSDK (= 3.2.0)
  - BidmadSDK (6.7.0):
    - GoogleUserMessagingPlatform (= 2.1.0)
  - BidmadTeadsAdapter (5.0.27.5):
    - BidmadSDK (< 6.8.0, >= 6.7.0)
    - TeadsSDK (= 5.0.27)
  - BidmadUnityAdsAdapter (4.9.3.5):
    - BidmadSDK (< 6.8.0, >= 6.7.0)
    - UnityAds (= 4.9.3)
  - BidmadVungleAdapter (7.2.2.5):
    - BidmadSDK (< 6.8.0, >= 6.7.0)
    - VungleAds (= 7.2.2)
  - BURelyFoundation_Global/AFNetworking (0.2.1.4)
  - BURelyFoundation_Global/APM (0.2.1.4)
  - BURelyFoundation_Global/Foundation (0.2.1.4):
    - BURelyFoundation_Global/NETWork
  - BURelyFoundation_Global/Gecko (0.2.1.4):
    - BURelyFoundation_Global/Foundation
  - BURelyFoundation_Global/Header (0.2.1.4)
  - BURelyFoundation_Global/NETWork (0.2.1.4):
    - BURelyFoundation_Global/AFNetworking
  - BURelyFoundation_Global/Pangle (0.2.1.4):
    - BURelyFoundation_Global/AFNetworking
    - BURelyFoundation_Global/APM
    - BURelyFoundation_Global/Foundation
    - BURelyFoundation_Global/Gecko
    - BURelyFoundation_Global/Header
    - BURelyFoundation_Global/NETWork
    - BURelyFoundation_Global/SDWebImage
    - BURelyFoundation_Global/YYModel
    - BURelyFoundation_Global/ZFPlayer
    - BURelyFoundation_Global/Zip
  - BURelyFoundation_Global/SDWebImage (0.2.1.4):
    - BURelyFoundation_Global/Foundation
  - BURelyFoundation_Global/YYModel (0.2.1.4)
  - BURelyFoundation_Global/ZFPlayer (0.2.1.4):
    - BURelyFoundation_Global/Foundation
    - BURelyFoundation_Global/Zip
  - BURelyFoundation_Global/Zip (0.2.1.4):
    - BURelyFoundation_Global/Foundation
  - FBAudienceNetwork (6.15.0)
  - Fyber_Marketplace_SDK (8.2.6)
  - Google-Mobile-Ads-SDK (11.2.0):
    - GoogleUserMessagingPlatform (>= 1.1)
  - GoogleMobileAdsMediationAppLovin (12.2.1.0):
    - AppLovinSDK (= 12.2.1)
    - Google-Mobile-Ads-SDK (~> 11.0)
  - GoogleMobileAdsMediationFacebook (6.15.0.0):
    - FBAudienceNetwork (= 6.15.0)
    - Google-Mobile-Ads-SDK (~> 11.0)
  - GoogleMobileAdsMediationFyber (8.2.6.1):
    - Fyber_Marketplace_SDK (= 8.2.6)
    - Google-Mobile-Ads-SDK (~> 11.0)
  - GoogleMobileAdsMediationIronSource (7.8.0.0.0):
    - Google-Mobile-Ads-SDK (~> 11.0)
    - IronSourceSDK (= 7.8.0.0)
  - GoogleMobileAdsMediationPangle (5.8.0.7.0):
    - Ads-Global (= 5.8.0.7)
    - Google-Mobile-Ads-SDK (~> 11.0)
  - GoogleMobileAdsMediationUnity (4.9.3.0):
    - Google-Mobile-Ads-SDK (~> 11.0)
    - UnityAds (= 4.9.3)
  - GoogleMobileAdsMediationVungle (7.2.2.1):
    - Google-Mobile-Ads-SDK (~> 11.0)
    - VungleAds (= 7.2.2)
  - GoogleUserMessagingPlatform (2.1.0)
  - IronSourceSDK (7.8.0.0)
  - KissXML (5.3.1):
    - KissXML/All (= 5.3.1)
  - KissXML/Additions (5.3.1):
    - KissXML/Core
  - KissXML/All (5.3.1):
    - KissXML/Additions
    - KissXML/Core
  - KissXML/Core (5.3.1)
  - NAMSDK (7.5.3):
    - NAMSDK/GFPSDK (= 7.5.3)
  - NAMSDK/GFPSDK (7.5.3):
    - KissXML (~> 5.2)
    - Naver-Ads-Services (~> 1.0.8)
  - NAMSDK/MediationNDA (7.5.3):
    - NAMSDK/GFPSDK
  - Naver-Ads-Services (1.0.8)
  - OpenBiddingHelper (6.7.0):
    - BidmadSDK (< 6.8.0, >= 6.7.0)
  - OpenWrapHandlerDFP (4.0.0):
    - Google-Mobile-Ads-SDK (>= 8.12.0)
    - OpenWrapSDK (>= 3.0.0)
  - OpenWrapSDK (3.2.0):
    - OpenWrapSDK/OpenWrap (= 3.2.0)
  - OpenWrapSDK/OpenWrap (3.2.0)
  - TeadsSDK (5.0.27):
    - TeadsSDK/Core (= 5.0.27)
  - TeadsSDK/Core (5.0.27)
  - UnityAds (4.9.3)
  - VungleAds (7.2.2)

DEPENDENCIES:
  - BidmadAdFitAdapter (= 3.12.7.5)
  - BidmadADOPCoupangAdapter (= 1.0.0.5)
  - BidmadAdPopcornAdapter (= 2.6.5.5)
  - BidmadAllianceInternetAdapter (= 1.0.0.5)
  - BidmadAppLovinAdapter (= 12.2.1.5)
  - BidmadAtomAdapter (= 1.0.0.5)
  - BidmadFyberAdapter (= 8.2.6.5)
  - BidmadGoogleAdManagerAdapter (= 11.2.0.5)
  - BidmadGoogleAdMobAdapter (= 11.2.0.5)
  - BidmadIronSourceAdapter (= 7.8.0.0.5)
  - BidmadMobonAdapter (= 0.6.17.5)
  - BidmadPangleAdapter (= 5.8.0.7.5)
  - BidmadPartners/AdMobBidding (= 1.0.4)
  - BidmadPubmaticAdapter (= 3.2.0.5)
  - BidmadSDK (= 6.7.0)
  - BidmadTeadsAdapter (= 5.0.27.5)
  - BidmadUnityAdsAdapter (= 4.9.3.5)
  - BidmadVungleAdapter (= 7.2.2.5)
  - OpenBiddingHelper (= 6.7.0)

SPEC REPOS:
  trunk:
    - AdFitSDK
    - AdPopcornSSP
    - Ads-Global
    - AppLovinSDK
    - BidmadAdFitAdapter
    - BidmadADOPCoupangAdapter
    - BidmadAdPopcornAdapter
    - BidmadAllianceInternetAdapter
    - BidmadAppLovinAdapter
    - BidmadAtomAdapter
    - BidmadFyberAdapter
    - BidmadGoogleAdManagerAdapter
    - BidmadGoogleAdMobAdapter
    - BidmadIronSourceAdapter
    - BidmadMobonAdapter
    - BidmadPangleAdapter
    - BidmadPartners
    - BidmadPubmaticAdapter
    - BidmadSDK
    - BidmadTeadsAdapter
    - BidmadUnityAdsAdapter
    - BidmadVungleAdapter
    - BURelyFoundation_Global
    - FBAudienceNetwork
    - Fyber_Marketplace_SDK
    - Google-Mobile-Ads-SDK
    - GoogleMobileAdsMediationAppLovin
    - GoogleMobileAdsMediationFacebook
    - GoogleMobileAdsMediationFyber
    - GoogleMobileAdsMediationIronSource
    - GoogleMobileAdsMediationPangle
    - GoogleMobileAdsMediationUnity
    - GoogleMobileAdsMediationVungle
    - GoogleUserMessagingPlatform
    - IronSourceSDK
    - KissXML
    - NAMSDK
    - Naver-Ads-Services
    - OpenBiddingHelper
    - OpenWrapHandlerDFP
    - OpenWrapSDK
    - TeadsSDK
    - UnityAds
    - VungleAds

SPEC CHECKSUMS:
  AdFitSDK: dc7a5a2ed6e432355d7429eed27c8f88d46da4cd
  AdPopcornSSP: a30f266e9ba7ab490808027a385ac10d6e1ddfcd
  Ads-Global: 2f19513311f4e360bcad037a2edf1dc2772ab224
  AppLovinSDK: ed2ea453fc6cc836f4f829046865e6731010c139
  BidmadAdFitAdapter: 6d1db596220d55bf7e28f9c55b79226e6da8803c
  BidmadADOPCoupangAdapter: 22dfd02985595d7a47abd99b7276f1249f456f1b
  BidmadAdPopcornAdapter: 19304dfe5b526be341b92faa2300a2e09f63f43b
  BidmadAllianceInternetAdapter: fed21cb437a782542efb55c1841d3688d8bb3989
  BidmadAppLovinAdapter: 20ac797744cd30bcc00b8a875205f103f23836b2
  BidmadAtomAdapter: aae531e419fc86b22e34193f0bfa2b0abaa99346
  BidmadFyberAdapter: ab506a06d3c481f7158c587947031f049e5b63d8
  BidmadGoogleAdManagerAdapter: f6a153aa28ef0cfa1902893e36742786e18819e9
  BidmadGoogleAdMobAdapter: 4cb02617397b78bc8dc8937da224a0416708a658
  BidmadIronSourceAdapter: 3b63727966f49cff009f66b1253dcfcd2674139c
  BidmadMobonAdapter: d2cae332fd04f1e74e7e05793c7b446ded048422
  BidmadPangleAdapter: 37a43f99fdd3d5d0a577114814f7788131ae395f
  BidmadPartners: fe3f2d7f6a33fcabca6a2ca89a39cbddf6332e8b
  BidmadPubmaticAdapter: b740c75c137cecc3fd020a75254566e99d29e412
  BidmadSDK: 0db0948fab06d89900f0b8e23cb4a6d3b6b0d6bd
  BidmadTeadsAdapter: b7eeb54e83d4666242ee2c3efd406d1933d9d47e
  BidmadUnityAdsAdapter: bd02765975f6c9c5be9d44eb9c1a81b77248f7c7
  BidmadVungleAdapter: c6963de67dcc0c01d150b399fc785f318fad2b5a
  BURelyFoundation_Global: 17ed9cd58d138feefd8c0711dd3294766adcb28e
  FBAudienceNetwork: 80a035aa69cc3a71c99e44cb5c2874e4cef9909f
  Fyber_Marketplace_SDK: f41cd55ff0d5b257beccc70e5708acd350468b66
  Google-Mobile-Ads-SDK: 5a6d005a6cb5b5e8f4c7b69ca05cdea79c181139
  GoogleMobileAdsMediationAppLovin: bdced6cc448b66c961f929994159cad83c1c3498
  GoogleMobileAdsMediationFacebook: 26dec5611c04af55eba3dd16c564bafa8ebd7131
  GoogleMobileAdsMediationFyber: a195b8a0297a91ace19ef873add5cd7adbb63a99
  GoogleMobileAdsMediationIronSource: 488b3843748aa0f165fe874368425c355b375e07
  GoogleMobileAdsMediationPangle: d08694efcd916510c1974df1f664c948bbe290a2
  GoogleMobileAdsMediationUnity: 9525d7fd2df9b53ce4b6ab49ca1751c0d0bc3069
  GoogleMobileAdsMediationVungle: a276066778765746276f66c5073c481509342be4
  GoogleUserMessagingPlatform: dce302b8f1b84d6e945812ee7a15c3f65a102cbf
  IronSourceSDK: ef878d01ce69a68633c7a27c89cabe0e41fcc49a
  KissXML: 5c8e0f2e8b9f071d3e1ae123dec3eb5da615c10c
  NAMSDK: a1029c4e4f8699cbb60fa2aae4c2a74bbdbc039e
  Naver-Ads-Services: 3bb81fb94a346166c47c4332076fa6ffffa0a282
  OpenBiddingHelper: 4c1cd3243a7ef8f843753cbffb33ffb4bdffd5b0
  OpenWrapHandlerDFP: 4bc2dc8a98f38a6747e91871531134ecfee71ddf
  OpenWrapSDK: 65e66abe3491e328c39eb16a695ae037ae47748e
  TeadsSDK: 4557e0159cf53b3db6259775f48752cb14f4a683
  UnityAds: c503b06232a002ff6dc9677f4e32c6e1ae286232
  VungleAds: 1982548185a43a60f07066f28ddb5f12d67a90d7

PODFILE CHECKSUM: b0f54d0769b0d83daf6de7bed990a5068258c293

COCOAPODS: 1.15.2
